
Microsoft Visual Studio Solution File, Format Version 12.00
# Visual Studio Version 17
VisualStudioVersion = 17.1.32421.90
MinimumVisualStudioVersion = 10.0.40219.1
Project("{9A19103F-16F7-4668-BE54-9A1E7A4F7556}") = "DevBlog.Core", "DevBlog.Core\DevBlog.Core.csproj", "{0138EFBD-E9A9-47E1-A1CF-DF90C970E746}"
EndProject
Project("{9A19103F-16F7-4668-BE54-9A1E7A4F7556}") = "DevBlog.Repository", "DevBlog.Repository\DevBlog.Repository.csproj", "{F6E5E6C7-16D2-47FF-AD87-268CD1920C64}"
EndProject
Project("{9A19103F-16F7-4668-BE54-9A1E7A4F7556}") = "DevBlog.Service", "DevBlog.Service\DevBlog.Service.csproj", "{01BA21B6-0C59-4729-AAAC-AA2ADA04A95D}"
EndProject
Project("{9A19103F-16F7-4668-BE54-9A1E7A4F7556}") = "DevBlog.WebAPI", "DevBlog.WebAPI\DevBlog.WebAPI.csproj", "{2F89040E-7CF7-4574-99C0-48D92A6AB5FC}"
EndProject
Project("{9A19103F-16F7-4668-BE54-9A1E7A4F7556}") = "DevBlog.Entities", "DevBlog.Entities\DevBlog.Entities.csproj", "{AFFB5ADE-5F26-42D3-9DA0-B1856E85467F}"
EndProject
Global
	GlobalSection(SolutionConfigurationPlatforms) = preSolution
		Debug|Any CPU = Debug|Any CPU
		Release|Any CPU = Release|Any CPU
	EndGlobalSection
	GlobalSection(ProjectConfigurationPlatforms) = postSolution
		{0138EFBD-E9A9-47E1-A1CF-DF90C970E746}.Debug|Any CPU.ActiveCfg = Debug|Any CPU
		{0138EFBD-E9A9-47E1-A1CF-DF90C970E746}.Debug|Any CPU.Build.0 = Debug|Any CPU
		{0138EFBD-E9A9-47E1-A1CF-DF90C970E746}.Release|Any CPU.ActiveCfg = Release|Any CPU
		{0138EFBD-E9A9-47E1-A1CF-DF90C970E746}.Release|Any CPU.Build.0 = Release|Any CPU
		{F6E5E6C7-16D2-47FF-AD87-268CD1920C64}.Debug|Any CPU.ActiveCfg = Debug|Any CPU
		{F6E5E6C7-16D2-47FF-AD87-268CD1920C64}.Debug|Any CPU.Build.0 = Debug|Any CPU
		{F6E5E6C7-16D2-47FF-AD87-268CD1920C64}.Release|Any CPU.ActiveCfg = Release|Any CPU
		{F6E5E6C7-16D2-47FF-AD87-268CD1920C64}.Release|Any CPU.Build.0 = Release|Any CPU
		{01BA21B6-0C59-4729-AAAC-AA2ADA04A95D}.Debug|Any CPU.ActiveCfg = Debug|Any CPU
		{01BA21B6-0C59-4729-AAAC-AA2ADA04A95D}.Debug|Any CPU.Build.0 = Debug|Any CPU
		{01BA21B6-0C59-4729-AAAC-AA2ADA04A95D}.Release|Any CPU.ActiveCfg = Release|Any CPU
		{01BA21B6-0C59-4729-AAAC-AA2ADA04A95D}.Release|Any CPU.Build.0 = Release|Any CPU
		{2F89040E-7CF7-4574-99C0-48D92A6AB5FC}.Debug|Any CPU.ActiveCfg = Debug|Any CPU
		{2F89040E-7CF7-4574-99C0-48D92A6AB5FC}.Debug|Any CPU.Build.0 = Debug|Any CPU
		{2F89040E-7CF7-4574-99C0-48D92A6AB5FC}.Release|Any CPU.ActiveCfg = Release|Any CPU
		{2F89040E-7CF7-4574-99C0-48D92A6AB5FC}.Release|Any CPU.Build.0 = Release|Any CPU
		{AFFB5ADE-5F26-42D3-9DA0-B1856E85467F}.Debug|Any CPU.ActiveCfg = Debug|Any CPU
		{AFFB5ADE-5F26-42D3-9DA0-B1856E85467F}.Debug|Any CPU.Build.0 = Debug|Any CPU
		{AFFB5ADE-5F26-42D3-9DA0-B1856E85467F}.Release|Any CPU.ActiveCfg = Release|Any CPU
		{AFFB5ADE-5F26-42D3-9DA0-B1856E85467F}.Release|Any CPU.Build.0 = Release|Any CPU
	EndGlobalSection
	GlobalSection(SolutionProperties) = preSolution
		HideSolutionNode = FALSE
	EndGlobalSection
	GlobalSection(ExtensibilityGlobals) = postSolution
		SolutionGuid = {B4CE669F-9921-421B-A21B-1A462570E4DC}
	EndGlobalSection
EndGlobal
